# THIS IS AN AUTOGENERATED FILE. DO NOT EDIT THIS FILE DIRECTLY.
# yarn lockfile v1


sonner@^2.0.6:
  version "2.0.6"
  resolved "https://registry.yarnpkg.com/sonner/-/sonner-2.0.6.tgz#623b73faec55229d63ec35226d42021f2119bfa7"
  integrity sha512-yHFhk8T/DK3YxjFQXIrcHT1rGEeTLliVzWbO0xN8GberVun2RiBnxAjXAYpZrqwEVHBG9asI/Li8TAAhN9m59Q==
